
Microsoft Visual Studio Solution File, Format Version 12.00
# Visual Studio Version 17
VisualStudioVersion = 17.0.32014.148
MinimumVisualStudioVersion = 10.0.40219.1
Project("{9A19103F-16F7-4668-BE54-9A1E7A4F7556}") = "TsWwPayments", "TsWwPayments\TsWwPayments.csproj", "{7AA1E936-3FC7-4808-B274-9069026827D8}"
EndProject
Project("{FAE04EC0-301F-11D3-BF4B-00C04F79EFBC}") = "TsWwPaymentsModelApi", "TsWwPaymentsModelApi\TsWwPaymentsModelApi.csproj", "{6E54A6E2-4928-489D-BC3C-74F886C44037}"
EndProject
Project("{FAE04EC0-301F-11D3-BF4B-00C04F79EFBC}") = "PaymentsTests", "PaymentsTests\PaymentsTests.csproj", "{9C3A3377-0546-4519-B9BA-1F30A0F85639}"
EndProject
Global
	GlobalSection(SolutionConfigurationPlatforms) = preSolution
		Debug|Any CPU = Debug|Any CPU
		Release|Any CPU = Release|Any CPU
	EndGlobalSection
	GlobalSection(ProjectConfigurationPlatforms) = postSolution
		{7AA1E936-3FC7-4808-B274-9069026827D8}.Debug|Any CPU.ActiveCfg = Debug|Any CPU
		{7AA1E936-3FC7-4808-B274-9069026827D8}.Debug|Any CPU.Build.0 = Debug|Any CPU
		{7AA1E936-3FC7-4808-B274-9069026827D8}.Release|Any CPU.ActiveCfg = Release|Any CPU
		{7AA1E936-3FC7-4808-B274-9069026827D8}.Release|Any CPU.Build.0 = Release|Any CPU
		{6E54A6E2-4928-489D-BC3C-74F886C44037}.Debug|Any CPU.ActiveCfg = Debug|Any CPU
		{6E54A6E2-4928-489D-BC3C-74F886C44037}.Debug|Any CPU.Build.0 = Debug|Any CPU
		{6E54A6E2-4928-489D-BC3C-74F886C44037}.Release|Any CPU.ActiveCfg = Release|Any CPU
		{6E54A6E2-4928-489D-BC3C-74F886C44037}.Release|Any CPU.Build.0 = Release|Any CPU
		{9C3A3377-0546-4519-B9BA-1F30A0F85639}.Debug|Any CPU.ActiveCfg = Debug|Any CPU
		{9C3A3377-0546-4519-B9BA-1F30A0F85639}.Debug|Any CPU.Build.0 = Debug|Any CPU
		{9C3A3377-0546-4519-B9BA-1F30A0F85639}.Release|Any CPU.ActiveCfg = Release|Any CPU
		{9C3A3377-0546-4519-B9BA-1F30A0F85639}.Release|Any CPU.Build.0 = Release|Any CPU
	EndGlobalSection
	GlobalSection(SolutionProperties) = preSolution
		HideSolutionNode = FALSE
	EndGlobalSection
	GlobalSection(ExtensibilityGlobals) = postSolution
		SolutionGuid = {23245A05-489E-46B9-BE99-C89B57F24B6F}
	EndGlobalSection
EndGlobal
