
Microsoft Visual Studio Solution File, Format Version 12.00
# Visual Studio Version 17
VisualStudioVersion = 17.0.32014.148
MinimumVisualStudioVersion = 10.0.40219.1
Project("{9A19103F-16F7-4668-BE54-9A1E7A4F7556}") = "TsWwPayments", "TsWwPayments\TsWwPayments.csproj", "{7AA1E936-3FC7-4808-B274-9069026827D8}"
EndProject
Project("{9A19103F-16F7-4668-BE54-9A1E7A4F7556}") = "TsWwPaymentsModelApi", "TsWwPaymentsModelApi\TsWwPaymentsModelApi.csproj", "{6E54A6E2-4928-489D-BC3C-74F886C44037}"
EndProject
Project("{9A19103F-16F7-4668-BE54-9A1E7A4F7556}") = "ImRepositoryPattern", "ImRepositoryPattern\ImRepositoryPattern.csproj", "{044C5680-AE5D-4973-BF99-DFE4914F58CD}"
EndProject
Project("{9A19103F-16F7-4668-BE54-9A1E7A4F7556}") = "ZarinSharp", "ZarinpalSharp\ZarinSharp\ZarinSharp.csproj", "{D91747B3-31D8-486B-AB81-8E0F268EBE6B}"
EndProject
Project("{9A19103F-16F7-4668-BE54-9A1E7A4F7556}") = "ZarinSharp.Asp", "ZarinpalSharp\ZarinSharp.Asp\ZarinSharp.Asp.csproj", "{9E27DFDF-66F6-4368-A494-24CAADF7A4F4}"
EndProject
Project("{9A19103F-16F7-4668-BE54-9A1E7A4F7556}") = "SimpleUpdateHandler", "SimpleUpdateHandler\SimpleUpdateHandler\SimpleUpdateHandler.csproj", "{21A9721D-115D-4F29-9FD3-22BB363F85A0}"
EndProject
Global
	GlobalSection(SolutionConfigurationPlatforms) = preSolution
		Debug|Any CPU = Debug|Any CPU
		Release|Any CPU = Release|Any CPU
	EndGlobalSection
	GlobalSection(ProjectConfigurationPlatforms) = postSolution
		{7AA1E936-3FC7-4808-B274-9069026827D8}.Debug|Any CPU.ActiveCfg = Debug|Any CPU
		{7AA1E936-3FC7-4808-B274-9069026827D8}.Debug|Any CPU.Build.0 = Debug|Any CPU
		{7AA1E936-3FC7-4808-B274-9069026827D8}.Release|Any CPU.ActiveCfg = Release|Any CPU
		{7AA1E936-3FC7-4808-B274-9069026827D8}.Release|Any CPU.Build.0 = Release|Any CPU
		{6E54A6E2-4928-489D-BC3C-74F886C44037}.Debug|Any CPU.ActiveCfg = Debug|Any CPU
		{6E54A6E2-4928-489D-BC3C-74F886C44037}.Debug|Any CPU.Build.0 = Debug|Any CPU
		{6E54A6E2-4928-489D-BC3C-74F886C44037}.Release|Any CPU.ActiveCfg = Release|Any CPU
		{6E54A6E2-4928-489D-BC3C-74F886C44037}.Release|Any CPU.Build.0 = Release|Any CPU
		{044C5680-AE5D-4973-BF99-DFE4914F58CD}.Debug|Any CPU.ActiveCfg = Debug|Any CPU
		{044C5680-AE5D-4973-BF99-DFE4914F58CD}.Debug|Any CPU.Build.0 = Debug|Any CPU
		{044C5680-AE5D-4973-BF99-DFE4914F58CD}.Release|Any CPU.ActiveCfg = Release|Any CPU
		{044C5680-AE5D-4973-BF99-DFE4914F58CD}.Release|Any CPU.Build.0 = Release|Any CPU
		{D91747B3-31D8-486B-AB81-8E0F268EBE6B}.Debug|Any CPU.ActiveCfg = Debug|Any CPU
		{D91747B3-31D8-486B-AB81-8E0F268EBE6B}.Debug|Any CPU.Build.0 = Debug|Any CPU
		{D91747B3-31D8-486B-AB81-8E0F268EBE6B}.Release|Any CPU.ActiveCfg = Release|Any CPU
		{D91747B3-31D8-486B-AB81-8E0F268EBE6B}.Release|Any CPU.Build.0 = Release|Any CPU
		{9E27DFDF-66F6-4368-A494-24CAADF7A4F4}.Debug|Any CPU.ActiveCfg = Debug|Any CPU
		{9E27DFDF-66F6-4368-A494-24CAADF7A4F4}.Debug|Any CPU.Build.0 = Debug|Any CPU
		{9E27DFDF-66F6-4368-A494-24CAADF7A4F4}.Release|Any CPU.ActiveCfg = Release|Any CPU
		{9E27DFDF-66F6-4368-A494-24CAADF7A4F4}.Release|Any CPU.Build.0 = Release|Any CPU
		{21A9721D-115D-4F29-9FD3-22BB363F85A0}.Debug|Any CPU.ActiveCfg = Debug|Any CPU
		{21A9721D-115D-4F29-9FD3-22BB363F85A0}.Debug|Any CPU.Build.0 = Debug|Any CPU
		{21A9721D-115D-4F29-9FD3-22BB363F85A0}.Release|Any CPU.ActiveCfg = Release|Any CPU
		{21A9721D-115D-4F29-9FD3-22BB363F85A0}.Release|Any CPU.Build.0 = Release|Any CPU
	EndGlobalSection
	GlobalSection(SolutionProperties) = preSolution
		HideSolutionNode = FALSE
	EndGlobalSection
	GlobalSection(ExtensibilityGlobals) = postSolution
		SolutionGuid = {23245A05-489E-46B9-BE99-C89B57F24B6F}
	EndGlobalSection
EndGlobal
